
Microsoft Visual Studio Solution File, Format Version 12.00
# Visual Studio 2012
Project("{FAE04EC0-301F-11D3-BF4B-00C04F79EFBC}") = "XML_SER", "XML_SER\XML_SER.csproj", "{88288824-FF8A-46A5-95B2-0B2F3EE5533B}"
EndProject
Global
	GlobalSection(SolutionConfigurationPlatforms) = preSolution
		Debug|x86 = Debug|x86
		Release|x86 = Release|x86
	EndGlobalSection
	GlobalSection(ProjectConfigurationPlatforms) = postSolution
		{88288824-FF8A-46A5-95B2-0B2F3EE5533B}.Debug|x86.ActiveCfg = Debug|x86
		{88288824-FF8A-46A5-95B2-0B2F3EE5533B}.Debug|x86.Build.0 = Debug|x86
		{88288824-FF8A-46A5-95B2-0B2F3EE5533B}.Release|x86.ActiveCfg = Release|x86
		{88288824-FF8A-46A5-95B2-0B2F3EE5533B}.Release|x86.Build.0 = Release|x86
	EndGlobalSection
EndGlobal
